
Microsoft Visual Studio Solution File, Format Version 12.00
# Visual Studio Version 17
VisualStudioVersion = 17.8.34316.72
MinimumVisualStudioVersion = 10.0.40219.1
Project("{FAE04EC0-301F-11D3-BF4B-00C04F79EFBC}") = "CalculaDescontos", "CalculaDescontos.csproj", "{2596D71A-97BF-431E-9B8F-BBCDFD8923B5}"
EndProject
Global
	GlobalSection(SolutionConfigurationPlatforms) = preSolution
		Debug|Any CPU = Debug|Any CPU
		Release|Any CPU = Release|Any CPU
	EndGlobalSection
	GlobalSection(ProjectConfigurationPlatforms) = postSolution
		{2596D71A-97BF-431E-9B8F-BBCDFD8923B5}.Debug|Any CPU.ActiveCfg = Debug|Any CPU
		{2596D71A-97BF-431E-9B8F-BBCDFD8923B5}.Debug|Any CPU.Build.0 = Debug|Any CPU
		{2596D71A-97BF-431E-9B8F-BBCDFD8923B5}.Release|Any CPU.ActiveCfg = Release|Any CPU
		{2596D71A-97BF-431E-9B8F-BBCDFD8923B5}.Release|Any CPU.Build.0 = Release|Any CPU
	EndGlobalSection
	GlobalSection(SolutionProperties) = preSolution
		HideSolutionNode = FALSE
	EndGlobalSection
	GlobalSection(ExtensibilityGlobals) = postSolution
		SolutionGuid = {3AA06254-1FA5-4E22-B415-CD8707648A7C}
	EndGlobalSection
EndGlobal
